// !$*UTF8*$!
{
	archiveVersion = 1;
	classes = {
	};
	objectVersion = 55;
	objects = {

/* Begin PBXBuildFile section */
		5252C5A02734387300C35826 /* AppDelegate.swift in Sources */ = {isa = PBXBuildFile; fileRef = 5252C59F2734387300C35826 /* AppDelegate.swift */; };
		5252C5A22734387300C35826 /* SceneDelegate.swift in Sources */ = {isa = PBXBuildFile; fileRef = 5252C5A12734387300C35826 /* SceneDelegate.swift */; };
		5252C5A72734387300C35826 /* Main.storyboard in Resources */ = {isa = PBXBuildFile; fileRef = 5252C5A52734387300C35826 /* Main.storyboard */; };
		5252C5A92734387500C35826 /* Assets.xcassets in Resources */ = {isa = PBXBuildFile; fileRef = 5252C5A82734387500C35826 /* Assets.xcassets */; };
		5252C5AC2734387500C35826 /* LaunchScreen.storyboard in Resources */ = {isa = PBXBuildFile; fileRef = 5252C5AA2734387500C35826 /* LaunchScreen.storyboard */; };
		5252C5B727343B5600C35826 /* GameViewController.swift in Sources */ = {isa = PBXBuildFile; fileRef = 5252C5B627343B5600C35826 /* GameViewController.swift */; };
		5252C5BA27343F0000C35826 /* Networking.swift in Sources */ = {isa = PBXBuildFile; fileRef = 5252C5B927343F0000C35826 /* Networking.swift */; };
		5252C5BD2735313700C35826 /* Model.swift in Sources */ = {isa = PBXBuildFile; fileRef = 5252C5BC2735313700C35826 /* Model.swift */; };
		5252C5C22735989900C35826 /* Algorithms in Frameworks */ = {isa = PBXBuildFile; productRef = 5252C5C12735989900C35826 /* Algorithms */; };
/* End PBXBuildFile section */

/* Begin PBXFileReference section */
		5252C59C2734387300C35826 /* ReactionGame.app */ = {isa = PBXFileReference; explicitFileType = wrapper.application; includeInIndex = 0; path = ReactionGame.app; sourceTree = BUILT_PRODUCTS_DIR; };
		5252C59F2734387300C35826 /* AppDelegate.swift */ = {isa = PBXFileReference; lastKnownFileType = sourcecode.swift; path = AppDelegate.swift; sourceTree = "<group>"; };
		5252C5A12734387300C35826 /* SceneDelegate.swift */ = {isa = PBXFileReference; lastKnownFileType = sourcecode.swift; path = SceneDelegate.swift; sourceTree = "<group>"; };
		5252C5A62734387300C35826 /* Base */ = {isa = PBXFileReference; lastKnownFileType = file.storyboard; name = Base; path = Base.lproj/Main.storyboard; sourceTree = "<group>"; };
		5252C5A82734387500C35826 /* Assets.xcassets */ = {isa = PBXFileReference; lastKnownFileType = folder.assetcatalog; path = Assets.xcassets; sourceTree = "<group>"; };
		5252C5AB2734387500C35826 /* Base */ = {isa = PBXFileReference; lastKnownFileType = file.storyboard; name = Base; path = Base.lproj/LaunchScreen.storyboard; sourceTree = "<group>"; };
		5252C5AD2734387500C35826 /* Info.plist */ = {isa = PBXFileReference; lastKnownFileType = text.plist.xml; path = Info.plist; sourceTree = "<group>"; };
		5252C5B627343B5600C35826 /* GameViewController.swift */ = {isa = PBXFileReference; lastKnownFileType = sourcecode.swift; path = GameViewController.swift; sourceTree = "<group>"; };
		5252C5B927343F0000C35826 /* Networking.swift */ = {isa = PBXFileReference; lastKnownFileType = sourcecode.swift; path = Networking.swift; sourceTree = "<group>"; };
		5252C5BC2735313700C35826 /* Model.swift */ = {isa = PBXFileReference; lastKnownFileType = sourcecode.swift; path = Model.swift; sourceTree = "<group>"; };
/* End PBXFileReference section */

/* Begin PBXFrameworksBuildPhase section */
		5252C5992734387300C35826 /* Frameworks */ = {
			isa = PBXFrameworksBuildPhase;
			buildActionMask = 2147483647;
			files = (
				5252C5C22735989900C35826 /* Algorithms in Frameworks */,
			);
			runOnlyForDeploymentPostprocessing = 0;
		};
/* End PBXFrameworksBuildPhase section */

/* Begin PBXGroup section */
		5252C5932734387300C35826 = {
			isa = PBXGroup;
			children = (
				5252C59E2734387300C35826 /* ReactionGame */,
				5252C59D2734387300C35826 /* Products */,
			);
			sourceTree = "<group>";
		};
		5252C59D2734387300C35826 /* Products */ = {
			isa = PBXGroup;
			children = (
				5252C59C2734387300C35826 /* ReactionGame.app */,
			);
			name = Products;
			sourceTree = "<group>";
		};
		5252C59E2734387300C35826 /* ReactionGame */ = {
			isa = PBXGroup;
			children = (
				5252C5BB2735312A00C35826 /* Model */,
				5252C5B827343EDD00C35826 /* Networking */,
				5252C5B5273438E400C35826 /* Supporning Files */,
				5252C5B42734388A00C35826 /* Controllers */,
				5252C5B32734388100C35826 /* View */,
				5252C5AD2734387500C35826 /* Info.plist */,
			);
			path = ReactionGame;
			sourceTree = "<group>";
		};
		5252C5B32734388100C35826 /* View */ = {
			isa = PBXGroup;
			children = (
				5252C5A52734387300C35826 /* Main.storyboard */,
				5252C5AA2734387500C35826 /* LaunchScreen.storyboard */,
			);
			path = View;
			sourceTree = "<group>";
		};
		5252C5B42734388A00C35826 /* Controllers */ = {
			isa = PBXGroup;
			children = (
				5252C5B627343B5600C35826 /* GameViewController.swift */,
			);
			path = Controllers;
			sourceTree = "<group>";
		};
		5252C5B5273438E400C35826 /* Supporning Files */ = {
			isa = PBXGroup;
			children = (
				5252C59F2734387300C35826 /* AppDelegate.swift */,
				5252C5A12734387300C35826 /* SceneDelegate.swift */,
				5252C5A82734387500C35826 /* Assets.xcassets */,
			);
			path = "Supporning Files";
			sourceTree = "<group>";
		};
		5252C5B827343EDD00C35826 /* Networking */ = {
			isa = PBXGroup;
			children = (
				5252C5B927343F0000C35826 /* Networking.swift */,
			);
			path = Networking;
			sourceTree = "<group>";
		};
		5252C5BB2735312A00C35826 /* Model */ = {
			isa = PBXGroup;
			children = (
				5252C5BC2735313700C35826 /* Model.swift */,
			);
			path = Model;
			sourceTree = "<group>";
		};
/* End PBXGroup section */

/* Begin PBXNativeTarget section */
		5252C59B2734387300C35826 /* ReactionGame */ = {
			isa = PBXNativeTarget;
			buildConfigurationList = 5252C5B02734387500C35826 /* Build configuration list for PBXNativeTarget "ReactionGame" */;
			buildPhases = (
				5252C5982734387300C35826 /* Sources */,
				5252C5992734387300C35826 /* Frameworks */,
				5252C59A2734387300C35826 /* Resources */,
			);
			buildRules = (
			);
			dependencies = (
			);
			name = ReactionGame;
			packageProductDependencies = (
				5252C5C12735989900C35826 /* Algorithms */,
			);
			productName = ReactionGame;
			productReference = 5252C59C2734387300C35826 /* ReactionGame.app */;
			productType = "com.apple.product-type.application";
		};
/* End PBXNativeTarget section */

/* Begin PBXProject section */
		5252C5942734387300C35826 /* Project object */ = {
			isa = PBXProject;
			attributes = {
				BuildIndependentTargetsInParallel = 1;
				LastSwiftUpdateCheck = 1310;
				LastUpgradeCheck = 1310;
				TargetAttributes = {
					5252C59B2734387300C35826 = {
						CreatedOnToolsVersion = 13.1;
					};
				};
			};
			buildConfigurationList = 5252C5972734387300C35826 /* Build configuration list for PBXProject "ReactionGame" */;
			compatibilityVersion = "Xcode 13.0";
			developmentRegion = en;
			hasScannedForEncodings = 0;
			knownRegions = (
				en,
				Base,
			);
			mainGroup = 5252C5932734387300C35826;
			packageReferences = (
				5252C5C02735989900C35826 /* XCRemoteSwiftPackageReference "swift-algorithms" */,
			);
			productRefGroup = 5252C59D2734387300C35826 /* Products */;
			projectDirPath = "";
			projectRoot = "";
			targets = (
				5252C59B2734387300C35826 /* ReactionGame */,
			);
		};
/* End PBXProject section */

/* Begin PBXResourcesBuildPhase section */
		5252C59A2734387300C35826 /* Resources */ = {
			isa = PBXResourcesBuildPhase;
			buildActionMask = 2147483647;
			files = (
				5252C5AC2734387500C35826 /* LaunchScreen.storyboard in Resources */,
				5252C5A92734387500C35826 /* Assets.xcassets in Resources */,
				5252C5A72734387300C35826 /* Main.storyboard in Resources */,
			);
			runOnlyForDeploymentPostprocessing = 0;
		};
/* End PBXResourcesBuildPhase section */

/* Begin PBXSourcesBuildPhase section */
		5252C5982734387300C35826 /* Sources */ = {
			isa = PBXSourcesBuildPhase;
			buildActionMask = 2147483647;
			files = (
				5252C5BD2735313700C35826 /* Model.swift in Sources */,
				5252C5A02734387300C35826 /* AppDelegate.swift in Sources */,
				5252C5B727343B5600C35826 /* GameViewController.swift in Sources */,
				5252C5A22734387300C35826 /* SceneDelegate.swift in Sources */,
				5252C5BA27343F0000C35826 /* Networking.swift in Sources */,
			);
			runOnlyForDeploymentPostprocessing = 0;
		};
/* End PBXSourcesBuildPhase section */

/* Begin PBXVariantGroup section */
		5252C5A52734387300C35826 /* Main.storyboard */ = {
			isa = PBXVariantGroup;
			children = (
				5252C5A62734387300C35826 /* Base */,
			);
			name = Main.storyboard;
			sourceTree = "<group>";
		};
		5252C5AA2734387500C35826 /* LaunchScreen.storyboard */ = {
			isa = PBXVariantGroup;
			children = (
				5252C5AB2734387500C35826 /* Base */,
			);
			name = LaunchScreen.storyboard;
			sourceTree = "<group>";
		};
/* End PBXVariantGroup section */

/* Begin XCBuildConfiguration section */
		5252C5AE2734387500C35826 /* Debug */ = {
			isa = XCBuildConfiguration;
			buildSettings = {
				ALWAYS_SEARCH_USER_PATHS = NO;
				CLANG_ANALYZER_NONNULL = YES;
				CLANG_ANALYZER_NUMBER_OBJECT_CONVERSION = YES_AGGRESSIVE;
				CLANG_CXX_LANGUAGE_STANDARD = "gnu++17";
				CLANG_CXX_LIBRARY = "libc++";
				CLANG_ENABLE_MODULES = YES;
				CLANG_ENABLE_OBJC_ARC = YES;
				CLANG_ENABLE_OBJC_WEAK = YES;
				CLANG_WARN_BLOCK_CAPTURE_AUTORELEASING = YES;
				CLANG_WARN_BOOL_CONVERSION = YES;
				CLANG_WARN_COMMA = YES;
				CLANG_WARN_CONSTANT_CONVERSION = YES;
				CLANG_WARN_DEPRECATED_OBJC_IMPLEMENTATIONS = YES;
				CLANG_WARN_DIRECT_OBJC_ISA_USAGE = YES_ERROR;
				CLANG_WARN_DOCUMENTATION_COMMENTS = YES;
				CLANG_WARN_EMPTY_BODY = YES;
				CLANG_WARN_ENUM_CONVERSION = YES;
				CLANG_WARN_INFINITE_RECURSION = YES;
				CLANG_WARN_INT_CONVERSION = YES;
				CLANG_WARN_NON_LITERAL_NULL_CONVERSION = YES;
				CLANG_WARN_OBJC_IMPLICIT_RETAIN_SELF = YES;
				CLANG_WARN_OBJC_LITERAL_CONVERSION = YES;
				CLANG_WARN_OBJC_ROOT_CLASS = YES_ERROR;
				CLANG_WARN_QUOTED_INCLUDE_IN_FRAMEWORK_HEADER = YES;
				CLANG_WARN_RANGE_LOOP_ANALYSIS = YES;
				CLANG_WARN_STRICT_PROTOTYPES = YES;
				CLANG_WARN_SUSPICIOUS_MOVE = YES;
				CLANG_WARN_UNGUARDED_AVAILABILITY = YES_AGGRESSIVE;
				CLANG_WARN_UNREACHABLE_CODE = YES;
				CLANG_WARN__DUPLICATE_METHOD_MATCH = YES;
				COPY_PHASE_STRIP = NO;
				DEBUG_INFORMATION_FORMAT = dwarf;
				ENABLE_STRICT_OBJC_MSGSEND = YES;
				ENABLE_TESTABILITY = YES;
				GCC_C_LANGUAGE_STANDARD = gnu11;
				GCC_DYNAMIC_NO_PIC = NO;
				GCC_NO_COMMON_BLOCKS = YES;
				GCC_OPTIMIZATION_LEVEL = 0;
				GCC_PREPROCESSOR_DEFINITIONS = (
					"DEBUG=1",
					"$(inherited)",
				);
				GCC_WARN_64_TO_32_BIT_CONVERSION = YES;
				GCC_WARN_ABOUT_RETURN_TYPE = YES_ERROR;
				GCC_WARN_UNDECLARED_SELECTOR = YES;
				GCC_WARN_UNINITIALIZED_AUTOS = YES_AGGRESSIVE;
				GCC_WARN_UNUSED_FUNCTION = YES;
				GCC_WARN_UNUSED_VARIABLE = YES;
				IPHONEOS_DEPLOYMENT_TARGET = 15.0;
				MTL_ENABLE_DEBUG_INFO = INCLUDE_SOURCE;
				MTL_FAST_MATH = YES;
				ONLY_ACTIVE_ARCH = YES;
				SDKROOT = iphoneos;
				SWIFT_ACTIVE_COMPILATION_CONDITIONS = DEBUG;
				SWIFT_OPTIMIZATION_LEVEL = "-Onone";
			};
			name = Debug;
		};
		5252C5AF2734387500C35826 /* Release */ = {
			isa = XCBuildConfiguration;
			buildSettings = {
				ALWAYS_SEARCH_USER_PATHS = NO;
				CLANG_ANALYZER_NONNULL = YES;
				CLANG_ANALYZER_NUMBER_OBJECT_CONVERSION = YES_AGGRESSIVE;
				CLANG_CXX_LANGUAGE_STANDARD = "gnu++17";
				CLANG_CXX_LIBRARY = "libc++";
				CLANG_ENABLE_MODULES = YES;
				CLANG_ENABLE_OBJC_ARC = YES;
				CLANG_ENABLE_OBJC_WEAK = YES;
				CLANG_WARN_BLOCK_CAPTURE_AUTORELEASING = YES;
				CLANG_WARN_BOOL_CONVERSION = YES;
				CLANG_WARN_COMMA = YES;
				CLANG_WARN_CONSTANT_CONVERSION = YES;
				CLANG_WARN_DEPRECATED_OBJC_IMPLEMENTATIONS = YES;
				CLANG_WARN_DIRECT_OBJC_ISA_USAGE = YES_ERROR;
				CLANG_WARN_DOCUMENTATION_COMMENTS = YES;
				CLANG_WARN_EMPTY_BODY = YES;
				CLANG_WARN_ENUM_CONVERSION = YES;
				CLANG_WARN_INFINITE_RECURSION = YES;
				CLANG_WARN_INT_CONVERSION = YES;
				CLANG_WARN_NON_LITERAL_NULL_CONVERSION = YES;
				CLANG_WARN_OBJC_IMPLICIT_RETAIN_SELF = YES;
				CLANG_WARN_OBJC_LITERAL_CONVERSION = YES;
				CLANG_WARN_OBJC_ROOT_CLASS = YES_ERROR;
				CLANG_WARN_QUOTED_INCLUDE_IN_FRAMEWORK_HEADER = YES;
				CLANG_WARN_RANGE_LOOP_ANALYSIS = YES;
				CLANG_WARN_STRICT_PROTOTYPES = YES;
				CLANG_WARN_SUSPICIOUS_MOVE = YES;
				CLANG_WARN_UNGUARDED_AVAILABILITY = YES_AGGRESSIVE;
				CLANG_WARN_UNREACHABLE_CODE = YES;
				CLANG_WARN__DUPLICATE_METHOD_MATCH = YES;
				COPY_PHASE_STRIP = NO;
				DEBUG_INFORMATION_FORMAT = "dwarf-with-dsym";
				ENABLE_NS_ASSERTIONS = NO;
				ENABLE_STRICT_OBJC_MSGSEND = YES;
				GCC_C_LANGUAGE_STANDARD = gnu11;
				GCC_NO_COMMON_BLOCKS = YES;
				GCC_WARN_64_TO_32_BIT_CONVERSION = YES;
				GCC_WARN_ABOUT_RETURN_TYPE = YES_ERROR;
				GCC_WARN_UNDECLARED_SELECTOR = YES;
				GCC_WARN_UNINITIALIZED_AUTOS = YES_AGGRESSIVE;
				GCC_WARN_UNUSED_FUNCTION = YES;
				GCC_WARN_UNUSED_VARIABLE = YES;
				IPHONEOS_DEPLOYMENT_TARGET = 15.0;
				MTL_ENABLE_DEBUG_INFO = NO;
				MTL_FAST_MATH = YES;
				SDKROOT = iphoneos;
				SWIFT_COMPILATION_MODE = wholemodule;
				SWIFT_OPTIMIZATION_LEVEL = "-O";
				VALIDATE_PRODUCT = YES;
			};
			name = Release;
		};
		5252C5B12734387500C35826 /* Debug */ = {
			isa = XCBuildConfiguration;
			buildSettings = {
				ASSETCATALOG_COMPILER_APPICON_NAME = AppIcon;
				ASSETCATALOG_COMPILER_GLOBAL_ACCENT_COLOR_NAME = AccentColor;
				CODE_SIGN_STYLE = Automatic;
				CURRENT_PROJECT_VERSION = 1;
				GENERATE_INFOPLIST_FILE = YES;
				INFOPLIST_FILE = ReactionGame/Info.plist;
				INFOPLIST_KEY_UIApplicationSupportsIndirectInputEvents = YES;
				INFOPLIST_KEY_UILaunchStoryboardName = LaunchScreen;
				INFOPLIST_KEY_UIMainStoryboardFile = Main;
				INFOPLIST_KEY_UISupportedInterfaceOrientations_iPad = "UIInterfaceOrientationPortrait UIInterfaceOrientationPortraitUpsideDown UIInterfaceOrientationLandscapeLeft UIInterfaceOrientationLandscapeRight";
				INFOPLIST_KEY_UISupportedInterfaceOrientations_iPhone = "UIInterfaceOrientationPortrait UIInterfaceOrientationLandscapeLeft UIInterfaceOrientationLandscapeRight";
				LD_RUNPATH_SEARCH_PATHS = (
					"$(inherited)",
					"@executable_path/Frameworks",
				);
				MARKETING_VERSION = 1.0;
				PRODUCT_BUNDLE_IDENTIFIER = ru.icodeschool.ReactionGame;
				PRODUCT_NAME = "$(TARGET_NAME)";
				SWIFT_EMIT_LOC_STRINGS = YES;
				SWIFT_VERSION = 5.0;
				TARGETED_DEVICE_FAMILY = "1,2";
			};
			name = Debug;
		};
		5252C5B22734387500C35826 /* Release */ = {
			isa = XCBuildConfiguration;
			buildSettings = {
				ASSETCATALOG_COMPILER_APPICON_NAME = AppIcon;
				ASSETCATALOG_COMPILER_GLOBAL_ACCENT_COLOR_NAME = AccentColor;
				CODE_SIGN_STYLE = Automatic;
				CURRENT_PROJECT_VERSION = 1;
				GENERATE_INFOPLIST_FILE = YES;
				INFOPLIST_FILE = ReactionGame/Info.plist;
				INFOPLIST_KEY_UIApplicationSupportsIndirectInputEvents = YES;
				INFOPLIST_KEY_UILaunchStoryboardName = LaunchScreen;
				INFOPLIST_KEY_UIMainStoryboardFile = Main;
				INFOPLIST_KEY_UISupportedInterfaceOrientations_iPad = "UIInterfaceOrientationPortrait UIInterfaceOrientationPortraitUpsideDown UIInterfaceOrientationLandscapeLeft UIInterfaceOrientationLandscapeRight";
				INFOPLIST_KEY_UISupportedInterfaceOrientations_iPhone = "UIInterfaceOrientationPortrait UIInterfaceOrientationLandscapeLeft UIInterfaceOrientationLandscapeRight";
				LD_RUNPATH_SEARCH_PATHS = (
					"$(inherited)",
					"@executable_path/Frameworks",
				);
				MARKETING_VERSION = 1.0;
				PRODUCT_BUNDLE_IDENTIFIER = ru.icodeschool.ReactionGame;
				PRODUCT_NAME = "$(TARGET_NAME)";
				SWIFT_EMIT_LOC_STRINGS = YES;
				SWIFT_VERSION = 5.0;
				TARGETED_DEVICE_FAMILY = "1,2";
			};
			name = Release;
		};
/* End XCBuildConfiguration section */

/* Begin XCConfigurationList section */
		5252C5972734387300C35826 /* Build configuration list for PBXProject "ReactionGame" */ = {
			isa = XCConfigurationList;
			buildConfigurations = (
				5252C5AE2734387500C35826 /* Debug */,
				5252C5AF2734387500C35826 /* Release */,
			);
			defaultConfigurationIsVisible = 0;
			defaultConfigurationName = Release;
		};
		5252C5B02734387500C35826 /* Build configuration list for PBXNativeTarget "ReactionGame" */ = {
			isa = XCConfigurationList;
			buildConfigurations = (
				5252C5B12734387500C35826 /* Debug */,
				5252C5B22734387500C35826 /* Release */,
			);
			defaultConfigurationIsVisible = 0;
			defaultConfigurationName = Release;
		};
/* End XCConfigurationList section */

/* Begin XCRemoteSwiftPackageReference section */
		5252C5C02735989900C35826 /* XCRemoteSwiftPackageReference "swift-algorithms" */ = {
			isa = XCRemoteSwiftPackageReference;
			repositoryURL = "https://github.com/apple/swift-algorithms.git";
			requirement = {
				kind = upToNextMajorVersion;
				minimumVersion = 1.0.0;
			};
		};
/* End XCRemoteSwiftPackageReference section */

/* Begin XCSwiftPackageProductDependency section */
		5252C5C12735989900C35826 /* Algorithms */ = {
			isa = XCSwiftPackageProductDependency;
			package = 5252C5C02735989900C35826 /* XCRemoteSwiftPackageReference "swift-algorithms" */;
			productName = Algorithms;
		};
/* End XCSwiftPackageProductDependency section */
	};
	rootObject = 5252C5942734387300C35826 /* Project object */;
}
